
Microsoft Visual Studio Solution File, Format Version 12.00
# Visual Studio Version 17
VisualStudioVersion = 17.6.33801.468
MinimumVisualStudioVersion = 10.0.40219.1
Project("{8BC9CEB8-8B4A-11D0-8D11-00A0C91BC942}") = "HomeWorkBasic-11-3", "HomeWorkBasic-11-3\HomeWorkBasic-11-3.vcxproj", "{8F461B69-15C3-4074-9BF3-565D1AE9A6A7}"
EndProject
Project("{8BC9CEB8-8B4A-11D0-8D11-00A0C91BC942}") = "ByeLib", "ByeLib\ByeLib.vcxproj", "{59E60D95-942F-4773-A686-52F134786174}"
EndProject
Global
	GlobalSection(SolutionConfigurationPlatforms) = preSolution
		Debug|x64 = Debug|x64
		Debug|x86 = Debug|x86
		Release|x64 = Release|x64
		Release|x86 = Release|x86
	EndGlobalSection
	GlobalSection(ProjectConfigurationPlatforms) = postSolution
		{8F461B69-15C3-4074-9BF3-565D1AE9A6A7}.Debug|x64.ActiveCfg = Debug|x64
		{8F461B69-15C3-4074-9BF3-565D1AE9A6A7}.Debug|x64.Build.0 = Debug|x64
		{8F461B69-15C3-4074-9BF3-565D1AE9A6A7}.Debug|x86.ActiveCfg = Debug|Win32
		{8F461B69-15C3-4074-9BF3-565D1AE9A6A7}.Debug|x86.Build.0 = Debug|Win32
		{8F461B69-15C3-4074-9BF3-565D1AE9A6A7}.Release|x64.ActiveCfg = Release|x64
		{8F461B69-15C3-4074-9BF3-565D1AE9A6A7}.Release|x64.Build.0 = Release|x64
		{8F461B69-15C3-4074-9BF3-565D1AE9A6A7}.Release|x86.ActiveCfg = Release|Win32
		{8F461B69-15C3-4074-9BF3-565D1AE9A6A7}.Release|x86.Build.0 = Release|Win32
		{59E60D95-942F-4773-A686-52F134786174}.Debug|x64.ActiveCfg = Debug|x64
		{59E60D95-942F-4773-A686-52F134786174}.Debug|x64.Build.0 = Debug|x64
		{59E60D95-942F-4773-A686-52F134786174}.Debug|x86.ActiveCfg = Debug|Win32
		{59E60D95-942F-4773-A686-52F134786174}.Debug|x86.Build.0 = Debug|Win32
		{59E60D95-942F-4773-A686-52F134786174}.Release|x64.ActiveCfg = Release|x64
		{59E60D95-942F-4773-A686-52F134786174}.Release|x64.Build.0 = Release|x64
		{59E60D95-942F-4773-A686-52F134786174}.Release|x86.ActiveCfg = Release|Win32
		{59E60D95-942F-4773-A686-52F134786174}.Release|x86.Build.0 = Release|Win32
	EndGlobalSection
	GlobalSection(SolutionProperties) = preSolution
		HideSolutionNode = FALSE
	EndGlobalSection
	GlobalSection(ExtensibilityGlobals) = postSolution
		SolutionGuid = {C5510F35-F954-485C-A7EB-5F3D1822A695}
	EndGlobalSection
EndGlobal
